
Microsoft Visual Studio Solution File, Format Version 12.00
# Visual Studio 15
VisualStudioVersion = 15.0.28307.852
MinimumVisualStudioVersion = 10.0.40219.1
Project("{FAE04EC0-301F-11D3-BF4B-00C04F79EFBC}") = "EntityFrameworkExample", "EntityFrameworkExample\EntityFrameworkExample.csproj", "{E2EA66BC-5438-42EC-B39D-71C623C33B54}"
EndProject
Project("{FAE04EC0-301F-11D3-BF4B-00C04F79EFBC}") = "EntityFrameworkNavigationProperties", "EntityFrameworkNavigationProperties\EntityFrameworkNavigationProperties.csproj", "{498C6ABE-4168-4220-B91E-B60200491445}"
EndProject
Project("{FAE04EC0-301F-11D3-BF4B-00C04F79EFBC}") = "LinqToSqlExample", "LinqToSqlExample\LinqToSqlExample.csproj", "{1518063D-1F41-4AD5-AB58-744F1688C937}"
EndProject
Project("{FAE04EC0-301F-11D3-BF4B-00C04F79EFBC}") = "EntityFrameworkLesson", "EntityFrameworkLesson\EntityFrameworkLesson.csproj", "{2C39799F-441D-40BF-8BD7-A20C706E5E0C}"
EndProject
Global
	GlobalSection(SolutionConfigurationPlatforms) = preSolution
		Debug|Any CPU = Debug|Any CPU
		Release|Any CPU = Release|Any CPU
	EndGlobalSection
	GlobalSection(ProjectConfigurationPlatforms) = postSolution
		{E2EA66BC-5438-42EC-B39D-71C623C33B54}.Debug|Any CPU.ActiveCfg = Debug|Any CPU
		{E2EA66BC-5438-42EC-B39D-71C623C33B54}.Debug|Any CPU.Build.0 = Debug|Any CPU
		{E2EA66BC-5438-42EC-B39D-71C623C33B54}.Release|Any CPU.ActiveCfg = Release|Any CPU
		{E2EA66BC-5438-42EC-B39D-71C623C33B54}.Release|Any CPU.Build.0 = Release|Any CPU
		{498C6ABE-4168-4220-B91E-B60200491445}.Debug|Any CPU.ActiveCfg = Debug|Any CPU
		{498C6ABE-4168-4220-B91E-B60200491445}.Debug|Any CPU.Build.0 = Debug|Any CPU
		{498C6ABE-4168-4220-B91E-B60200491445}.Release|Any CPU.ActiveCfg = Release|Any CPU
		{498C6ABE-4168-4220-B91E-B60200491445}.Release|Any CPU.Build.0 = Release|Any CPU
		{1518063D-1F41-4AD5-AB58-744F1688C937}.Debug|Any CPU.ActiveCfg = Debug|Any CPU
		{1518063D-1F41-4AD5-AB58-744F1688C937}.Debug|Any CPU.Build.0 = Debug|Any CPU
		{1518063D-1F41-4AD5-AB58-744F1688C937}.Release|Any CPU.ActiveCfg = Release|Any CPU
		{1518063D-1F41-4AD5-AB58-744F1688C937}.Release|Any CPU.Build.0 = Release|Any CPU
		{2C39799F-441D-40BF-8BD7-A20C706E5E0C}.Debug|Any CPU.ActiveCfg = Debug|Any CPU
		{2C39799F-441D-40BF-8BD7-A20C706E5E0C}.Debug|Any CPU.Build.0 = Debug|Any CPU
		{2C39799F-441D-40BF-8BD7-A20C706E5E0C}.Release|Any CPU.ActiveCfg = Release|Any CPU
		{2C39799F-441D-40BF-8BD7-A20C706E5E0C}.Release|Any CPU.Build.0 = Release|Any CPU
	EndGlobalSection
	GlobalSection(SolutionProperties) = preSolution
		HideSolutionNode = FALSE
	EndGlobalSection
	GlobalSection(ExtensibilityGlobals) = postSolution
		SolutionGuid = {7E6C2CBE-5519-4562-AFFB-C58C6DCB7C9D}
	EndGlobalSection
EndGlobal
