
Microsoft Visual Studio Solution File, Format Version 12.00
# Visual Studio 15
VisualStudioVersion = 15.0.28307.852
MinimumVisualStudioVersion = 10.0.40219.1
Project("{FAE04EC0-301F-11D3-BF4B-00C04F79EFBC}") = "Threads", "Threads\Threads.csproj", "{2841F2B9-D751-485F-97CD-2FE2EE1C09F3}"
EndProject
Project("{FAE04EC0-301F-11D3-BF4B-00C04F79EFBC}") = "AsyncDelegates", "AsyncDelegates\AsyncDelegates.csproj", "{C8224589-8BA9-4EED-B189-C0F63233BFA5}"
EndProject
Project("{FAE04EC0-301F-11D3-BF4B-00C04F79EFBC}") = "Tasks", "Tasks\Tasks.csproj", "{540AE57A-E5DA-450F-9FC2-28EA461AD869}"
EndProject
Project("{FAE04EC0-301F-11D3-BF4B-00C04F79EFBC}") = "ParallelClass", "ParallelClass\ParallelClass.csproj", "{2A3BFBE4-F7DD-4870-88B0-1D20E7606853}"
EndProject
Project("{FAE04EC0-301F-11D3-BF4B-00C04F79EFBC}") = "AsyncAwait", "AsyncAwait\AsyncAwait.csproj", "{6267ECDA-4515-475B-8192-24DED131BA94}"
EndProject
Global
	GlobalSection(SolutionConfigurationPlatforms) = preSolution
		Debug|Any CPU = Debug|Any CPU
		Release|Any CPU = Release|Any CPU
	EndGlobalSection
	GlobalSection(ProjectConfigurationPlatforms) = postSolution
		{2841F2B9-D751-485F-97CD-2FE2EE1C09F3}.Debug|Any CPU.ActiveCfg = Debug|Any CPU
		{2841F2B9-D751-485F-97CD-2FE2EE1C09F3}.Debug|Any CPU.Build.0 = Debug|Any CPU
		{2841F2B9-D751-485F-97CD-2FE2EE1C09F3}.Release|Any CPU.ActiveCfg = Release|Any CPU
		{2841F2B9-D751-485F-97CD-2FE2EE1C09F3}.Release|Any CPU.Build.0 = Release|Any CPU
		{C8224589-8BA9-4EED-B189-C0F63233BFA5}.Debug|Any CPU.ActiveCfg = Debug|Any CPU
		{C8224589-8BA9-4EED-B189-C0F63233BFA5}.Debug|Any CPU.Build.0 = Debug|Any CPU
		{C8224589-8BA9-4EED-B189-C0F63233BFA5}.Release|Any CPU.ActiveCfg = Release|Any CPU
		{C8224589-8BA9-4EED-B189-C0F63233BFA5}.Release|Any CPU.Build.0 = Release|Any CPU
		{540AE57A-E5DA-450F-9FC2-28EA461AD869}.Debug|Any CPU.ActiveCfg = Debug|Any CPU
		{540AE57A-E5DA-450F-9FC2-28EA461AD869}.Debug|Any CPU.Build.0 = Debug|Any CPU
		{540AE57A-E5DA-450F-9FC2-28EA461AD869}.Release|Any CPU.ActiveCfg = Release|Any CPU
		{540AE57A-E5DA-450F-9FC2-28EA461AD869}.Release|Any CPU.Build.0 = Release|Any CPU
		{2A3BFBE4-F7DD-4870-88B0-1D20E7606853}.Debug|Any CPU.ActiveCfg = Debug|Any CPU
		{2A3BFBE4-F7DD-4870-88B0-1D20E7606853}.Debug|Any CPU.Build.0 = Debug|Any CPU
		{2A3BFBE4-F7DD-4870-88B0-1D20E7606853}.Release|Any CPU.ActiveCfg = Release|Any CPU
		{2A3BFBE4-F7DD-4870-88B0-1D20E7606853}.Release|Any CPU.Build.0 = Release|Any CPU
		{6267ECDA-4515-475B-8192-24DED131BA94}.Debug|Any CPU.ActiveCfg = Debug|Any CPU
		{6267ECDA-4515-475B-8192-24DED131BA94}.Debug|Any CPU.Build.0 = Debug|Any CPU
		{6267ECDA-4515-475B-8192-24DED131BA94}.Release|Any CPU.ActiveCfg = Release|Any CPU
		{6267ECDA-4515-475B-8192-24DED131BA94}.Release|Any CPU.Build.0 = Release|Any CPU
	EndGlobalSection
	GlobalSection(SolutionProperties) = preSolution
		HideSolutionNode = FALSE
	EndGlobalSection
	GlobalSection(ExtensibilityGlobals) = postSolution
		SolutionGuid = {6BF03E4B-D986-4990-8E5C-7CBC226EBC04}
	EndGlobalSection
EndGlobal
