
Microsoft Visual Studio Solution File, Format Version 12.00
# Visual Studio 15
VisualStudioVersion = 15.0.28307.852
MinimumVisualStudioVersion = 10.0.40219.1
Project("{FAE04EC0-301F-11D3-BF4B-00C04F79EFBC}") = "IO", "IO\IO.csproj", "{D6D6B8F6-29EB-43B2-8227-8841E6397BF0}"
EndProject
Project("{FAE04EC0-301F-11D3-BF4B-00C04F79EFBC}") = "ShowImage", "ShowImage\ShowImage.csproj", "{4416F6BC-3884-4D08-B305-C515EF35DA50}"
EndProject
Global
	GlobalSection(SolutionConfigurationPlatforms) = preSolution
		Debug|Any CPU = Debug|Any CPU
		Release|Any CPU = Release|Any CPU
	EndGlobalSection
	GlobalSection(ProjectConfigurationPlatforms) = postSolution
		{D6D6B8F6-29EB-43B2-8227-8841E6397BF0}.Debug|Any CPU.ActiveCfg = Debug|Any CPU
		{D6D6B8F6-29EB-43B2-8227-8841E6397BF0}.Debug|Any CPU.Build.0 = Debug|Any CPU
		{D6D6B8F6-29EB-43B2-8227-8841E6397BF0}.Release|Any CPU.ActiveCfg = Release|Any CPU
		{D6D6B8F6-29EB-43B2-8227-8841E6397BF0}.Release|Any CPU.Build.0 = Release|Any CPU
		{4416F6BC-3884-4D08-B305-C515EF35DA50}.Debug|Any CPU.ActiveCfg = Debug|Any CPU
		{4416F6BC-3884-4D08-B305-C515EF35DA50}.Debug|Any CPU.Build.0 = Debug|Any CPU
		{4416F6BC-3884-4D08-B305-C515EF35DA50}.Release|Any CPU.ActiveCfg = Release|Any CPU
		{4416F6BC-3884-4D08-B305-C515EF35DA50}.Release|Any CPU.Build.0 = Release|Any CPU
	EndGlobalSection
	GlobalSection(SolutionProperties) = preSolution
		HideSolutionNode = FALSE
	EndGlobalSection
	GlobalSection(ExtensibilityGlobals) = postSolution
		SolutionGuid = {BFB097EB-E6D4-4CDC-B44A-3EFB381DBADB}
	EndGlobalSection
EndGlobal
